
Microsoft Visual Studio Solution File, Format Version 12.00
# Visual Studio Version 17
VisualStudioVersion = 17.7.34221.43
MinimumVisualStudioVersion = 10.0.40219.1
Project("{8BC9CEB8-8B4A-11D0-8D11-00A0C91BC942}") = "Task 2", "Task 2\Task 2.vcxproj", "{38C3F874-8955-4423-B55E-41962E0DF75E}"
EndProject
Project("{8BC9CEB8-8B4A-11D0-8D11-00A0C91BC942}") = "Task 3", "Task 3\Task 3.vcxproj", "{5721138A-F332-4FC1-ADDF-DF025ABB7E4D}"
EndProject
Project("{8BC9CEB8-8B4A-11D0-8D11-00A0C91BC942}") = "Task 1", "Task 1\Task 1.vcxproj", "{567B3A31-DB41-4207-824B-A6E00325DEC5}"
EndProject
Project("{8BC9CEB8-8B4A-11D0-8D11-00A0C91BC942}") = "Task 4", "Task 4\Task 4.vcxproj", "{7A1C4DFE-60AB-4894-B1C1-2AE2D7A212DA}"
EndProject
Project("{8BC9CEB8-8B4A-11D0-8D11-00A0C91BC942}") = "Task 6", "Task 6\Task 6.vcxproj", "{7FD3EB8B-9AAD-422B-8B26-49325DAD3D5C}"
EndProject
Project("{8BC9CEB8-8B4A-11D0-8D11-00A0C91BC942}") = "Task 7", "Task 7\Task 7.vcxproj", "{8FA2D04A-BB8E-40A5-A4A7-88C8E807AECC}"
EndProject
Project("{8BC9CEB8-8B4A-11D0-8D11-00A0C91BC942}") = "Task 8", "Task 8\Task 8.vcxproj", "{96CDADB6-4BEE-4609-8033-D09E530214A0}"
EndProject
Project("{8BC9CEB8-8B4A-11D0-8D11-00A0C91BC942}") = "Task 5", "Task 5\Task 5.vcxproj", "{355A7C34-8682-4B5B-BF7B-8F888A8C8713}"
EndProject
Global
	GlobalSection(SolutionConfigurationPlatforms) = preSolution
		Debug|x64 = Debug|x64
		Debug|x86 = Debug|x86
		Release|x64 = Release|x64
		Release|x86 = Release|x86
	EndGlobalSection
	GlobalSection(ProjectConfigurationPlatforms) = postSolution
		{38C3F874-8955-4423-B55E-41962E0DF75E}.Debug|x64.ActiveCfg = Debug|x64
		{38C3F874-8955-4423-B55E-41962E0DF75E}.Debug|x64.Build.0 = Debug|x64
		{38C3F874-8955-4423-B55E-41962E0DF75E}.Debug|x86.ActiveCfg = Debug|Win32
		{38C3F874-8955-4423-B55E-41962E0DF75E}.Debug|x86.Build.0 = Debug|Win32
		{38C3F874-8955-4423-B55E-41962E0DF75E}.Release|x64.ActiveCfg = Release|x64
		{38C3F874-8955-4423-B55E-41962E0DF75E}.Release|x64.Build.0 = Release|x64
		{38C3F874-8955-4423-B55E-41962E0DF75E}.Release|x86.ActiveCfg = Release|Win32
		{38C3F874-8955-4423-B55E-41962E0DF75E}.Release|x86.Build.0 = Release|Win32
		{5721138A-F332-4FC1-ADDF-DF025ABB7E4D}.Debug|x64.ActiveCfg = Debug|x64
		{5721138A-F332-4FC1-ADDF-DF025ABB7E4D}.Debug|x64.Build.0 = Debug|x64
		{5721138A-F332-4FC1-ADDF-DF025ABB7E4D}.Debug|x86.ActiveCfg = Debug|Win32
		{5721138A-F332-4FC1-ADDF-DF025ABB7E4D}.Debug|x86.Build.0 = Debug|Win32
		{5721138A-F332-4FC1-ADDF-DF025ABB7E4D}.Release|x64.ActiveCfg = Release|x64
		{5721138A-F332-4FC1-ADDF-DF025ABB7E4D}.Release|x64.Build.0 = Release|x64
		{5721138A-F332-4FC1-ADDF-DF025ABB7E4D}.Release|x86.ActiveCfg = Release|Win32
		{5721138A-F332-4FC1-ADDF-DF025ABB7E4D}.Release|x86.Build.0 = Release|Win32
		{567B3A31-DB41-4207-824B-A6E00325DEC5}.Debug|x64.ActiveCfg = Debug|x64
		{567B3A31-DB41-4207-824B-A6E00325DEC5}.Debug|x64.Build.0 = Debug|x64
		{567B3A31-DB41-4207-824B-A6E00325DEC5}.Debug|x86.ActiveCfg = Debug|Win32
		{567B3A31-DB41-4207-824B-A6E00325DEC5}.Debug|x86.Build.0 = Debug|Win32
		{567B3A31-DB41-4207-824B-A6E00325DEC5}.Release|x64.ActiveCfg = Release|x64
		{567B3A31-DB41-4207-824B-A6E00325DEC5}.Release|x64.Build.0 = Release|x64
		{567B3A31-DB41-4207-824B-A6E00325DEC5}.Release|x86.ActiveCfg = Release|Win32
		{567B3A31-DB41-4207-824B-A6E00325DEC5}.Release|x86.Build.0 = Release|Win32
		{7A1C4DFE-60AB-4894-B1C1-2AE2D7A212DA}.Debug|x64.ActiveCfg = Debug|x64
		{7A1C4DFE-60AB-4894-B1C1-2AE2D7A212DA}.Debug|x64.Build.0 = Debug|x64
		{7A1C4DFE-60AB-4894-B1C1-2AE2D7A212DA}.Debug|x86.ActiveCfg = Debug|Win32
		{7A1C4DFE-60AB-4894-B1C1-2AE2D7A212DA}.Debug|x86.Build.0 = Debug|Win32
		{7A1C4DFE-60AB-4894-B1C1-2AE2D7A212DA}.Release|x64.ActiveCfg = Release|x64
		{7A1C4DFE-60AB-4894-B1C1-2AE2D7A212DA}.Release|x64.Build.0 = Release|x64
		{7A1C4DFE-60AB-4894-B1C1-2AE2D7A212DA}.Release|x86.ActiveCfg = Release|Win32
		{7A1C4DFE-60AB-4894-B1C1-2AE2D7A212DA}.Release|x86.Build.0 = Release|Win32
		{7FD3EB8B-9AAD-422B-8B26-49325DAD3D5C}.Debug|x64.ActiveCfg = Debug|x64
		{7FD3EB8B-9AAD-422B-8B26-49325DAD3D5C}.Debug|x64.Build.0 = Debug|x64
		{7FD3EB8B-9AAD-422B-8B26-49325DAD3D5C}.Debug|x86.ActiveCfg = Debug|Win32
		{7FD3EB8B-9AAD-422B-8B26-49325DAD3D5C}.Debug|x86.Build.0 = Debug|Win32
		{7FD3EB8B-9AAD-422B-8B26-49325DAD3D5C}.Release|x64.ActiveCfg = Release|x64
		{7FD3EB8B-9AAD-422B-8B26-49325DAD3D5C}.Release|x64.Build.0 = Release|x64
		{7FD3EB8B-9AAD-422B-8B26-49325DAD3D5C}.Release|x86.ActiveCfg = Release|Win32
		{7FD3EB8B-9AAD-422B-8B26-49325DAD3D5C}.Release|x86.Build.0 = Release|Win32
		{8FA2D04A-BB8E-40A5-A4A7-88C8E807AECC}.Debug|x64.ActiveCfg = Debug|x64
		{8FA2D04A-BB8E-40A5-A4A7-88C8E807AECC}.Debug|x64.Build.0 = Debug|x64
		{8FA2D04A-BB8E-40A5-A4A7-88C8E807AECC}.Debug|x86.ActiveCfg = Debug|Win32
		{8FA2D04A-BB8E-40A5-A4A7-88C8E807AECC}.Debug|x86.Build.0 = Debug|Win32
		{8FA2D04A-BB8E-40A5-A4A7-88C8E807AECC}.Release|x64.ActiveCfg = Release|x64
		{8FA2D04A-BB8E-40A5-A4A7-88C8E807AECC}.Release|x64.Build.0 = Release|x64
		{8FA2D04A-BB8E-40A5-A4A7-88C8E807AECC}.Release|x86.ActiveCfg = Release|Win32
		{8FA2D04A-BB8E-40A5-A4A7-88C8E807AECC}.Release|x86.Build.0 = Release|Win32
		{96CDADB6-4BEE-4609-8033-D09E530214A0}.Debug|x64.ActiveCfg = Debug|x64
		{96CDADB6-4BEE-4609-8033-D09E530214A0}.Debug|x64.Build.0 = Debug|x64
		{96CDADB6-4BEE-4609-8033-D09E530214A0}.Debug|x86.ActiveCfg = Debug|Win32
		{96CDADB6-4BEE-4609-8033-D09E530214A0}.Debug|x86.Build.0 = Debug|Win32
		{96CDADB6-4BEE-4609-8033-D09E530214A0}.Release|x64.ActiveCfg = Release|x64
		{96CDADB6-4BEE-4609-8033-D09E530214A0}.Release|x64.Build.0 = Release|x64
		{96CDADB6-4BEE-4609-8033-D09E530214A0}.Release|x86.ActiveCfg = Release|Win32
		{96CDADB6-4BEE-4609-8033-D09E530214A0}.Release|x86.Build.0 = Release|Win32
		{355A7C34-8682-4B5B-BF7B-8F888A8C8713}.Debug|x64.ActiveCfg = Debug|x64
		{355A7C34-8682-4B5B-BF7B-8F888A8C8713}.Debug|x64.Build.0 = Debug|x64
		{355A7C34-8682-4B5B-BF7B-8F888A8C8713}.Debug|x86.ActiveCfg = Debug|Win32
		{355A7C34-8682-4B5B-BF7B-8F888A8C8713}.Debug|x86.Build.0 = Debug|Win32
		{355A7C34-8682-4B5B-BF7B-8F888A8C8713}.Release|x64.ActiveCfg = Release|x64
		{355A7C34-8682-4B5B-BF7B-8F888A8C8713}.Release|x64.Build.0 = Release|x64
		{355A7C34-8682-4B5B-BF7B-8F888A8C8713}.Release|x86.ActiveCfg = Release|Win32
		{355A7C34-8682-4B5B-BF7B-8F888A8C8713}.Release|x86.Build.0 = Release|Win32
	EndGlobalSection
	GlobalSection(SolutionProperties) = preSolution
		HideSolutionNode = FALSE
	EndGlobalSection
	GlobalSection(ExtensibilityGlobals) = postSolution
		SolutionGuid = {97EE6A78-86AF-4344-AC5A-67B14535C105}
	EndGlobalSection
EndGlobal
